
Microsoft Visual Studio Solution File, Format Version 12.00
# Visual Studio Version 17
VisualStudioVersion = 17.3.32922.545
MinimumVisualStudioVersion = 10.0.40219.1
Project("{FAE04EC0-301F-11D3-BF4B-00C04F79EFBC}") = "Functionator", "Functionator\Functionator.csproj", "{61C22139-1B26-45F0-9FF6-06329B2CBD7E}"
EndProject
Project("{2150E333-8FDC-42A3-9474-1A3956D46DE8}") = "Tests", "Tests", "{A2A70827-B5B2-4635-976A-D3F0148F2CF3}"
EndProject
Project("{9A19103F-16F7-4668-BE54-9A1E7A4F7556}") = "FunctionsForTesting", "FunctionsForTesting\FunctionsForTesting.csproj", "{135D1626-7FB2-4CB0-AD11-B99A40C86F9B}"
EndProject
Project("{9A19103F-16F7-4668-BE54-9A1E7A4F7556}") = "FunctionatorTests", "FunctionatorTests\FunctionatorTests.csproj", "{71CB6B79-726F-4805-9D3A-1D32A60DA7B1}"
EndProject
Project("{FAE04EC0-301F-11D3-BF4B-00C04F79EFBC}") = "FunctionatorUnitTests", "FunctionatorUnitTests\FunctionatorUnitTests.csproj", "{239C365A-314C-4F8C-AD4A-BDC799ECC68A}"
EndProject
Global
	GlobalSection(SolutionConfigurationPlatforms) = preSolution
		Debug|Any CPU = Debug|Any CPU
		Release|Any CPU = Release|Any CPU
	EndGlobalSection
	GlobalSection(ProjectConfigurationPlatforms) = postSolution
		{61C22139-1B26-45F0-9FF6-06329B2CBD7E}.Debug|Any CPU.ActiveCfg = Debug|Any CPU
		{61C22139-1B26-45F0-9FF6-06329B2CBD7E}.Debug|Any CPU.Build.0 = Debug|Any CPU
		{61C22139-1B26-45F0-9FF6-06329B2CBD7E}.Release|Any CPU.ActiveCfg = Release|Any CPU
		{61C22139-1B26-45F0-9FF6-06329B2CBD7E}.Release|Any CPU.Build.0 = Release|Any CPU
		{135D1626-7FB2-4CB0-AD11-B99A40C86F9B}.Debug|Any CPU.ActiveCfg = Debug|Any CPU
		{135D1626-7FB2-4CB0-AD11-B99A40C86F9B}.Debug|Any CPU.Build.0 = Debug|Any CPU
		{135D1626-7FB2-4CB0-AD11-B99A40C86F9B}.Release|Any CPU.ActiveCfg = Release|Any CPU
		{135D1626-7FB2-4CB0-AD11-B99A40C86F9B}.Release|Any CPU.Build.0 = Release|Any CPU
		{71CB6B79-726F-4805-9D3A-1D32A60DA7B1}.Debug|Any CPU.ActiveCfg = Debug|Any CPU
		{71CB6B79-726F-4805-9D3A-1D32A60DA7B1}.Debug|Any CPU.Build.0 = Debug|Any CPU
		{71CB6B79-726F-4805-9D3A-1D32A60DA7B1}.Release|Any CPU.ActiveCfg = Release|Any CPU
		{71CB6B79-726F-4805-9D3A-1D32A60DA7B1}.Release|Any CPU.Build.0 = Release|Any CPU
		{239C365A-314C-4F8C-AD4A-BDC799ECC68A}.Debug|Any CPU.ActiveCfg = Debug|Any CPU
		{239C365A-314C-4F8C-AD4A-BDC799ECC68A}.Debug|Any CPU.Build.0 = Debug|Any CPU
		{239C365A-314C-4F8C-AD4A-BDC799ECC68A}.Release|Any CPU.ActiveCfg = Release|Any CPU
		{239C365A-314C-4F8C-AD4A-BDC799ECC68A}.Release|Any CPU.Build.0 = Release|Any CPU
	EndGlobalSection
	GlobalSection(SolutionProperties) = preSolution
		HideSolutionNode = FALSE
	EndGlobalSection
	GlobalSection(NestedProjects) = preSolution
		{135D1626-7FB2-4CB0-AD11-B99A40C86F9B} = {A2A70827-B5B2-4635-976A-D3F0148F2CF3}
		{71CB6B79-726F-4805-9D3A-1D32A60DA7B1} = {A2A70827-B5B2-4635-976A-D3F0148F2CF3}
		{239C365A-314C-4F8C-AD4A-BDC799ECC68A} = {A2A70827-B5B2-4635-976A-D3F0148F2CF3}
	EndGlobalSection
	GlobalSection(ExtensibilityGlobals) = postSolution
		SolutionGuid = {AF96D405-A60F-4923-8200-02151A601009}
	EndGlobalSection
EndGlobal
